PODS:
  - lf (0.5.4):
    - XCGLogger (~> 4.0.0)
  - pop (1.0.9)
  - XCGLogger (4.0.0):
    - XCGLogger/Core (= 4.0.0)
  - XCGLogger/Core (4.0.0)

DEPENDENCIES:
  - lf
  - pop

SPEC CHECKSUMS:
  lf: 12ca339bcd52cf5feb4dac6cdb0906f1ec050ad1
  pop: f667631a5108a2e60d9e8797c9b32ddaf2080bce
  XCGLogger: 38063ea89b4c8b23232d18efd2e12eb0005f3ea4

PODFILE CHECKSUM: f0026d83f2e7ecc8ea4a38503adafcb3da51ad6a

COCOAPODS: 1.2.0.beta.1
